
Microsoft Visual Studio Solution File, Format Version 12.00
# Visual Studio Version 17
VisualStudioVersion = 17.5.33627.172
MinimumVisualStudioVersion = 10.0.40219.1
Project("{FAE04EC0-301F-11D3-BF4B-00C04F79EFBC}") = "GoshanMarket", "GoshanMarket\GoshanMarket.csproj", "{A8D436CD-27A1-415A-BBCC-E21FFA86896A}"
EndProject
Project("{FAE04EC0-301F-11D3-BF4B-00C04F79EFBC}") = "UnitTestProject", "UnitTestProject\UnitTestProject.csproj", "{F6807E3C-9EC9-43B5-B949-2179163C6FAF}"
EndProject
Global
	GlobalSection(SolutionConfigurationPlatforms) = preSolution
		Debug|Any CPU = Debug|Any CPU
		Release|Any CPU = Release|Any CPU
	EndGlobalSection
	GlobalSection(ProjectConfigurationPlatforms) = postSolution
		{A8D436CD-27A1-415A-BBCC-E21FFA86896A}.Debug|Any CPU.ActiveCfg = Debug|Any CPU
		{A8D436CD-27A1-415A-BBCC-E21FFA86896A}.Debug|Any CPU.Build.0 = Debug|Any CPU
		{A8D436CD-27A1-415A-BBCC-E21FFA86896A}.Release|Any CPU.ActiveCfg = Release|Any CPU
		{A8D436CD-27A1-415A-BBCC-E21FFA86896A}.Release|Any CPU.Build.0 = Release|Any CPU
		{F6807E3C-9EC9-43B5-B949-2179163C6FAF}.Debug|Any CPU.ActiveCfg = Debug|Any CPU
		{F6807E3C-9EC9-43B5-B949-2179163C6FAF}.Debug|Any CPU.Build.0 = Debug|Any CPU
		{F6807E3C-9EC9-43B5-B949-2179163C6FAF}.Release|Any CPU.ActiveCfg = Release|Any CPU
		{F6807E3C-9EC9-43B5-B949-2179163C6FAF}.Release|Any CPU.Build.0 = Release|Any CPU
	EndGlobalSection
	GlobalSection(SolutionProperties) = preSolution
		HideSolutionNode = FALSE
	EndGlobalSection
	GlobalSection(ExtensibilityGlobals) = postSolution
		SolutionGuid = {5EB182C3-B630-4104-9C86-8389206B5481}
	EndGlobalSection
EndGlobal
